
Microsoft Visual Studio Solution File, Format Version 12.00
# Visual Studio Version 16
VisualStudioVersion = 16.0.31410.357
MinimumVisualStudioVersion = 10.0.40219.1
Project("{FAE04EC0-301F-11D3-BF4B-00C04F79EFBC}") = "Exerc Invoice", "Exerc Invoice\Exerc Invoice.csproj", "{27916582-F64B-42A6-B17F-DABFF47B8864}"
EndProject
Global
	GlobalSection(SolutionConfigurationPlatforms) = preSolution
		Debug|Any CPU = Debug|Any CPU
		Release|Any CPU = Release|Any CPU
	EndGlobalSection
	GlobalSection(ProjectConfigurationPlatforms) = postSolution
		{27916582-F64B-42A6-B17F-DABFF47B8864}.Debug|Any CPU.ActiveCfg = Debug|Any CPU
		{27916582-F64B-42A6-B17F-DABFF47B8864}.Debug|Any CPU.Build.0 = Debug|Any CPU
		{27916582-F64B-42A6-B17F-DABFF47B8864}.Release|Any CPU.ActiveCfg = Release|Any CPU
		{27916582-F64B-42A6-B17F-DABFF47B8864}.Release|Any CPU.Build.0 = Release|Any CPU
	EndGlobalSection
	GlobalSection(SolutionProperties) = preSolution
		HideSolutionNode = FALSE
	EndGlobalSection
	GlobalSection(ExtensibilityGlobals) = postSolution
		SolutionGuid = {5E639C8B-D6DE-4221-B276-2B25F3718D0B}
	EndGlobalSection
EndGlobal
